
Microsoft Visual Studio Solution File, Format Version 12.00
# Visual Studio Version 17
VisualStudioVersion = 17.8.34309.116
MinimumVisualStudioVersion = 10.0.40219.1
Project("{FAE04EC0-301F-11D3-BF4B-00C04F79EFBC}") = "GestionContact", "GestionContact\GestionContact.csproj", "{5969173A-80AB-45AE-80F3-950501CBB23F}"
EndProject
Project("{FAE04EC0-301F-11D3-BF4B-00C04F79EFBC}") = "GestionContact.BLL", "GestionContact.BLL\GestionContact.BLL.csproj", "{AD920098-18CC-4484-BCA5-143B0A510172}"
EndProject
Project("{FAE04EC0-301F-11D3-BF4B-00C04F79EFBC}") = "GestionContact.Domain", "GestionContact.Domain\GestionContact.Domain.csproj", "{F5B04756-BAFB-4948-9972-B685D2E1C545}"
EndProject
Global
	GlobalSection(SolutionConfigurationPlatforms) = preSolution
		Debug|Any CPU = Debug|Any CPU
		Release|Any CPU = Release|Any CPU
	EndGlobalSection
	GlobalSection(ProjectConfigurationPlatforms) = postSolution
		{5969173A-80AB-45AE-80F3-950501CBB23F}.Debug|Any CPU.ActiveCfg = Debug|Any CPU
		{5969173A-80AB-45AE-80F3-950501CBB23F}.Debug|Any CPU.Build.0 = Debug|Any CPU
		{5969173A-80AB-45AE-80F3-950501CBB23F}.Release|Any CPU.ActiveCfg = Release|Any CPU
		{5969173A-80AB-45AE-80F3-950501CBB23F}.Release|Any CPU.Build.0 = Release|Any CPU
		{AD920098-18CC-4484-BCA5-143B0A510172}.Debug|Any CPU.ActiveCfg = Debug|Any CPU
		{AD920098-18CC-4484-BCA5-143B0A510172}.Debug|Any CPU.Build.0 = Debug|Any CPU
		{AD920098-18CC-4484-BCA5-143B0A510172}.Release|Any CPU.ActiveCfg = Release|Any CPU
		{AD920098-18CC-4484-BCA5-143B0A510172}.Release|Any CPU.Build.0 = Release|Any CPU
		{F5B04756-BAFB-4948-9972-B685D2E1C545}.Debug|Any CPU.ActiveCfg = Debug|Any CPU
		{F5B04756-BAFB-4948-9972-B685D2E1C545}.Debug|Any CPU.Build.0 = Debug|Any CPU
		{F5B04756-BAFB-4948-9972-B685D2E1C545}.Release|Any CPU.ActiveCfg = Release|Any CPU
		{F5B04756-BAFB-4948-9972-B685D2E1C545}.Release|Any CPU.Build.0 = Release|Any CPU
	EndGlobalSection
	GlobalSection(SolutionProperties) = preSolution
		HideSolutionNode = FALSE
	EndGlobalSection
	GlobalSection(ExtensibilityGlobals) = postSolution
		SolutionGuid = {2AE29CA5-6280-4F40-AC03-9D934CEC1551}
	EndGlobalSection
EndGlobal
